
Microsoft Visual Studio Solution File, Format Version 12.00
# Visual Studio Version 17
VisualStudioVersion = 17.8.34511.84
MinimumVisualStudioVersion = 10.0.40219.1
Project("{8BC9CEB8-8B4A-11D0-8D11-00A0C91BC942}") = "IntrodactionToOOP", "IntrodactionToOOP\IntrodactionToOOP.vcxproj", "{A63EA4F0-48A1-4404-A85E-271829C3B1EE}"
EndProject
Project("{8BC9CEB8-8B4A-11D0-8D11-00A0C91BC942}") = "Fraction", "Fraction\Fraction.vcxproj", "{9E30210D-2465-486E-BE76-D31BEC25D765}"
EndProject
Project("{8BC9CEB8-8B4A-11D0-8D11-00A0C91BC942}") = "String", "String\String.vcxproj", "{6F75673E-168B-4E03-82BB-5B9A1D5713BA}"
EndProject
Project("{8BC9CEB8-8B4A-11D0-8D11-00A0C91BC942}") = "Matrix", "Matrix\Matrix.vcxproj", "{BEB8DD5B-30F0-4139-97EF-05CD68DB6AD7}"
EndProject
Global
	GlobalSection(SolutionConfigurationPlatforms) = preSolution
		Debug|x64 = Debug|x64
		Debug|x86 = Debug|x86
		Release|x64 = Release|x64
		Release|x86 = Release|x86
	EndGlobalSection
	GlobalSection(ProjectConfigurationPlatforms) = postSolution
		{A63EA4F0-48A1-4404-A85E-271829C3B1EE}.Debug|x64.ActiveCfg = Debug|x64
		{A63EA4F0-48A1-4404-A85E-271829C3B1EE}.Debug|x64.Build.0 = Debug|x64
		{A63EA4F0-48A1-4404-A85E-271829C3B1EE}.Debug|x86.ActiveCfg = Debug|Win32
		{A63EA4F0-48A1-4404-A85E-271829C3B1EE}.Debug|x86.Build.0 = Debug|Win32
		{A63EA4F0-48A1-4404-A85E-271829C3B1EE}.Release|x64.ActiveCfg = Release|x64
		{A63EA4F0-48A1-4404-A85E-271829C3B1EE}.Release|x64.Build.0 = Release|x64
		{A63EA4F0-48A1-4404-A85E-271829C3B1EE}.Release|x86.ActiveCfg = Release|Win32
		{A63EA4F0-48A1-4404-A85E-271829C3B1EE}.Release|x86.Build.0 = Release|Win32
		{9E30210D-2465-486E-BE76-D31BEC25D765}.Debug|x64.ActiveCfg = Debug|x64
		{9E30210D-2465-486E-BE76-D31BEC25D765}.Debug|x64.Build.0 = Debug|x64
		{9E30210D-2465-486E-BE76-D31BEC25D765}.Debug|x86.ActiveCfg = Debug|Win32
		{9E30210D-2465-486E-BE76-D31BEC25D765}.Debug|x86.Build.0 = Debug|Win32
		{9E30210D-2465-486E-BE76-D31BEC25D765}.Release|x64.ActiveCfg = Release|x64
		{9E30210D-2465-486E-BE76-D31BEC25D765}.Release|x64.Build.0 = Release|x64
		{9E30210D-2465-486E-BE76-D31BEC25D765}.Release|x86.ActiveCfg = Release|Win32
		{9E30210D-2465-486E-BE76-D31BEC25D765}.Release|x86.Build.0 = Release|Win32
		{6F75673E-168B-4E03-82BB-5B9A1D5713BA}.Debug|x64.ActiveCfg = Debug|x64
		{6F75673E-168B-4E03-82BB-5B9A1D5713BA}.Debug|x64.Build.0 = Debug|x64
		{6F75673E-168B-4E03-82BB-5B9A1D5713BA}.Debug|x86.ActiveCfg = Debug|Win32
		{6F75673E-168B-4E03-82BB-5B9A1D5713BA}.Debug|x86.Build.0 = Debug|Win32
		{6F75673E-168B-4E03-82BB-5B9A1D5713BA}.Release|x64.ActiveCfg = Release|x64
		{6F75673E-168B-4E03-82BB-5B9A1D5713BA}.Release|x64.Build.0 = Release|x64
		{6F75673E-168B-4E03-82BB-5B9A1D5713BA}.Release|x86.ActiveCfg = Release|Win32
		{6F75673E-168B-4E03-82BB-5B9A1D5713BA}.Release|x86.Build.0 = Release|Win32
		{BEB8DD5B-30F0-4139-97EF-05CD68DB6AD7}.Debug|x64.ActiveCfg = Debug|x64
		{BEB8DD5B-30F0-4139-97EF-05CD68DB6AD7}.Debug|x64.Build.0 = Debug|x64
		{BEB8DD5B-30F0-4139-97EF-05CD68DB6AD7}.Debug|x86.ActiveCfg = Debug|Win32
		{BEB8DD5B-30F0-4139-97EF-05CD68DB6AD7}.Debug|x86.Build.0 = Debug|Win32
		{BEB8DD5B-30F0-4139-97EF-05CD68DB6AD7}.Release|x64.ActiveCfg = Release|x64
		{BEB8DD5B-30F0-4139-97EF-05CD68DB6AD7}.Release|x64.Build.0 = Release|x64
		{BEB8DD5B-30F0-4139-97EF-05CD68DB6AD7}.Release|x86.ActiveCfg = Release|Win32
		{BEB8DD5B-30F0-4139-97EF-05CD68DB6AD7}.Release|x86.Build.0 = Release|Win32
	EndGlobalSection
	GlobalSection(SolutionProperties) = preSolution
		HideSolutionNode = FALSE
	EndGlobalSection
	GlobalSection(ExtensibilityGlobals) = postSolution
		SolutionGuid = {992E4E91-DCAD-40E4-AD03-C4F869EC5583}
	EndGlobalSection
EndGlobal
